// !$*UTF8*$!
{
	archiveVersion = 1;
	classes = {
	};
	objectVersion = 51;
	objects = {

/* Begin PBXBuildFile section */
		2CEEDABE09FAFCD9361B81E4 /* Pods_AGC_Auth_2.framework in Frameworks */ = {isa = PBXBuildFile; fileRef = 4399C26344FCFB129A2463E7 /* Pods_AGC_Auth_2.framework */; };
		FF207A3127D5B5BA0021A1B9 /* AppDelegate.swift in Sources */ = {isa = PBXBuildFile; fileRef = FF207A3027D5B5BA0021A1B9 /* AppDelegate.swift */; };
		FF207A3327D5B5BA0021A1B9 /* SceneDelegate.swift in Sources */ = {isa = PBXBuildFile; fileRef = FF207A3227D5B5BA0021A1B9 /* SceneDelegate.swift */; };
		FF207A3527D5B5BA0021A1B9 /* ViewController.swift in Sources */ = {isa = PBXBuildFile; fileRef = FF207A3427D5B5BA0021A1B9 /* ViewController.swift */; };
		FF207A3827D5B5BA0021A1B9 /* Main.storyboard in Resources */ = {isa = PBXBuildFile; fileRef = FF207A3627D5B5BA0021A1B9 /* Main.storyboard */; };
		FF207A3A27D5B5BB0021A1B9 /* Assets.xcassets in Resources */ = {isa = PBXBuildFile; fileRef = FF207A3927D5B5BB0021A1B9 /* Assets.xcassets */; };
		FF207A3D27D5B5BB0021A1B9 /* LaunchScreen.storyboard in Resources */ = {isa = PBXBuildFile; fileRef = FF207A3B27D5B5BB0021A1B9 /* LaunchScreen.storyboard */; };
		FF207A4C27D5D6B00021A1B9 /* agconnect-services.plist in Resources */ = {isa = PBXBuildFile; fileRef = FF207A4B27D5D6B00021A1B9 /* agconnect-services.plist */; };
/* End PBXBuildFile section */

/* Begin PBXFileReference section */
		12BE6823A4E8E05BE4B90AA7 /* Pods-AGC-Auth-2.debug.xcconfig */ = {isa = PBXFileReference; includeInIndex = 1; lastKnownFileType = text.xcconfig; name = "Pods-AGC-Auth-2.debug.xcconfig"; path = "Target Support Files/Pods-AGC-Auth-2/Pods-AGC-Auth-2.debug.xcconfig"; sourceTree = "<group>"; };
		4399C26344FCFB129A2463E7 /* Pods_AGC_Auth_2.framework */ = {isa = PBXFileReference; explicitFileType = wrapper.framework; includeInIndex = 0; path = Pods_AGC_Auth_2.framework; sourceTree = BUILT_PRODUCTS_DIR; };
		6B8A91B4F71598C2E477805E /* Pods-AGC-Auth-2.release.xcconfig */ = {isa = PBXFileReference; includeInIndex = 1; lastKnownFileType = text.xcconfig; name = "Pods-AGC-Auth-2.release.xcconfig"; path = "Target Support Files/Pods-AGC-Auth-2/Pods-AGC-Auth-2.release.xcconfig"; sourceTree = "<group>"; };
		FF207A2D27D5B5BA0021A1B9 /* AGC-Auth-2.app */ = {isa = PBXFileReference; explicitFileType = wrapper.application; includeInIndex = 0; path = "AGC-Auth-2.app"; sourceTree = BUILT_PRODUCTS_DIR; };
		FF207A3027D5B5BA0021A1B9 /* AppDelegate.swift */ = {isa = PBXFileReference; lastKnownFileType = sourcecode.swift; path = AppDelegate.swift; sourceTree = "<group>"; };
		FF207A3227D5B5BA0021A1B9 /* SceneDelegate.swift */ = {isa = PBXFileReference; lastKnownFileType = sourcecode.swift; path = SceneDelegate.swift; sourceTree = "<group>"; };
		FF207A3427D5B5BA0021A1B9 /* ViewController.swift */ = {isa = PBXFileReference; lastKnownFileType = sourcecode.swift; path = ViewController.swift; sourceTree = "<group>"; };
		FF207A3727D5B5BA0021A1B9 /* Base */ = {isa = PBXFileReference; lastKnownFileType = file.storyboard; name = Base; path = Base.lproj/Main.storyboard; sourceTree = "<group>"; };
		FF207A3927D5B5BB0021A1B9 /* Assets.xcassets */ = {isa = PBXFileReference; lastKnownFileType = folder.assetcatalog; path = Assets.xcassets; sourceTree = "<group>"; };
		FF207A3C27D5B5BB0021A1B9 /* Base */ = {isa = PBXFileReference; lastKnownFileType = file.storyboard; name = Base; path = Base.lproj/LaunchScreen.storyboard; sourceTree = "<group>"; };
		FF207A3E27D5B5BB0021A1B9 /* Info.plist */ = {isa = PBXFileReference; lastKnownFileType = text.plist.xml; path = Info.plist; sourceTree = "<group>"; };
		FF207A4B27D5D6B00021A1B9 /* agconnect-services.plist */ = {isa = PBXFileReference; fileEncoding = 4; lastKnownFileType = text.plist.xml; path = "agconnect-services.plist"; sourceTree = "<group>"; };
/* End PBXFileReference section */

/* Begin PBXFrameworksBuildPhase section */
		FF207A2A27D5B5BA0021A1B9 /* Frameworks */ = {
			isa = PBXFrameworksBuildPhase;
			buildActionMask = 2147483647;
			files = (
				2CEEDABE09FAFCD9361B81E4 /* Pods_AGC_Auth_2.framework in Frameworks */,
			);
			runOnlyForDeploymentPostprocessing = 0;
		};
/* End PBXFrameworksBuildPhase section */

/* Begin PBXGroup section */
		65CEE407769A009C9C5D8438 /* Frameworks */ = {
			isa = PBXGroup;
			children = (
				4399C26344FCFB129A2463E7 /* Pods_AGC_Auth_2.framework */,
			);
			name = Frameworks;
			sourceTree = "<group>";
		};
		AC6CA1FB0DCB1FEDC770BE70 /* Pods */ = {
			isa = PBXGroup;
			children = (
				12BE6823A4E8E05BE4B90AA7 /* Pods-AGC-Auth-2.debug.xcconfig */,
				6B8A91B4F71598C2E477805E /* Pods-AGC-Auth-2.release.xcconfig */,
			);
			path = Pods;
			sourceTree = "<group>";
		};
		FF207A2427D5B5BA0021A1B9 = {
			isa = PBXGroup;
			children = (
				FF207A2F27D5B5BA0021A1B9 /* AGC-Auth-2 */,
				FF207A2E27D5B5BA0021A1B9 /* Products */,
				AC6CA1FB0DCB1FEDC770BE70 /* Pods */,
				65CEE407769A009C9C5D8438 /* Frameworks */,
			);
			sourceTree = "<group>";
		};
		FF207A2E27D5B5BA0021A1B9 /* Products */ = {
			isa = PBXGroup;
			children = (
				FF207A2D27D5B5BA0021A1B9 /* AGC-Auth-2.app */,
			);
			name = Products;
			sourceTree = "<group>";
		};
		FF207A2F27D5B5BA0021A1B9 /* AGC-Auth-2 */ = {
			isa = PBXGroup;
			children = (
				FF207A4B27D5D6B00021A1B9 /* agconnect-services.plist */,
				FF207A3027D5B5BA0021A1B9 /* AppDelegate.swift */,
				FF207A3227D5B5BA0021A1B9 /* SceneDelegate.swift */,
				FF207A3427D5B5BA0021A1B9 /* ViewController.swift */,
				FF207A3627D5B5BA0021A1B9 /* Main.storyboard */,
				FF207A3927D5B5BB0021A1B9 /* Assets.xcassets */,
				FF207A3B27D5B5BB0021A1B9 /* LaunchScreen.storyboard */,
				FF207A3E27D5B5BB0021A1B9 /* Info.plist */,
			);
			path = "AGC-Auth-2";
			sourceTree = "<group>";
		};
/* End PBXGroup section */

/* Begin PBXNativeTarget section */
		FF207A2C27D5B5BA0021A1B9 /* AGC-Auth-2 */ = {
			isa = PBXNativeTarget;
			buildConfigurationList = FF207A4127D5B5BB0021A1B9 /* Build configuration list for PBXNativeTarget "AGC-Auth-2" */;
			buildPhases = (
				4E0ADD86FC553AF555F9F7B0 /* [CP] Check Pods Manifest.lock */,
				FF207A2927D5B5BA0021A1B9 /* Sources */,
				FF207A2A27D5B5BA0021A1B9 /* Frameworks */,
				FF207A2B27D5B5BA0021A1B9 /* Resources */,
				7A83793A1DD3073A33179C71 /* [CP] Copy Pods Resources */,
			);
			buildRules = (
			);
			dependencies = (
			);
			name = "AGC-Auth-2";
			productName = "AGC-Auth-2";
			productReference = FF207A2D27D5B5BA0021A1B9 /* AGC-Auth-2.app */;
			productType = "com.apple.product-type.application";
		};
/* End PBXNativeTarget section */

/* Begin PBXProject section */
		FF207A2527D5B5BA0021A1B9 /* Project object */ = {
			isa = PBXProject;
			attributes = {
				LastSwiftUpdateCheck = 1230;
				LastUpgradeCheck = 1230;
				TargetAttributes = {
					FF207A2C27D5B5BA0021A1B9 = {
						CreatedOnToolsVersion = 12.3;
					};
				};
			};
			buildConfigurationList = FF207A2827D5B5BA0021A1B9 /* Build configuration list for PBXProject "AGC-Auth-2" */;
			compatibilityVersion = "Xcode 9.3";
			developmentRegion = en;
			hasScannedForEncodings = 0;
			knownRegions = (
				en,
				Base,
			);
			mainGroup = FF207A2427D5B5BA0021A1B9;
			productRefGroup = FF207A2E27D5B5BA0021A1B9 /* Products */;
			projectDirPath = "";
			projectRoot = "";
			targets = (
				FF207A2C27D5B5BA0021A1B9 /* AGC-Auth-2 */,
			);
		};
/* End PBXProject section */

/* Begin PBXResourcesBuildPhase section */
		FF207A2B27D5B5BA0021A1B9 /* Resources */ = {
			isa = PBXResourcesBuildPhase;
			buildActionMask = 2147483647;
			files = (
				FF207A3D27D5B5BB0021A1B9 /* LaunchScreen.storyboard in Resources */,
				FF207A3A27D5B5BB0021A1B9 /* Assets.xcassets in Resources */,
				FF207A3827D5B5BA0021A1B9 /* Main.storyboard in Resources */,
				FF207A4C27D5D6B00021A1B9 /* agconnect-services.plist in Resources */,
			);
			runOnlyForDeploymentPostprocessing = 0;
		};
/* End PBXResourcesBuildPhase section */

/* Begin PBXShellScriptBuildPhase section */
		4E0ADD86FC553AF555F9F7B0 /* [CP] Check Pods Manifest.lock */ = {
			isa = PBXShellScriptBuildPhase;
			buildActionMask = 2147483647;
			files = (
			);
			inputFileListPaths = (
			);
			inputPaths = (
				"${PODS_PODFILE_DIR_PATH}/Podfile.lock",
				"${PODS_ROOT}/Manifest.lock",
			);
			name = "[CP] Check Pods Manifest.lock";
			outputFileListPaths = (
			);
			outputPaths = (
				"$(DERIVED_FILE_DIR)/Pods-AGC-Auth-2-checkManifestLockResult.txt",
			);
			runOnlyForDeploymentPostprocessing = 0;
			shellPath = /bin/sh;
			shellScript = "diff \"${PODS_PODFILE_DIR_PATH}/Podfile.lock\" \"${PODS_ROOT}/Manifest.lock\" > /dev/null\nif [ $? != 0 ] ; then\n    # print error to STDERR\n    echo \"error: The sandbox is not in sync with the Podfile.lock. Run 'pod install' or update your CocoaPods installation.\" >&2\n    exit 1\nfi\n# This output is used by Xcode 'outputs' to avoid re-running this script phase.\necho \"SUCCESS\" > \"${SCRIPT_OUTPUT_FILE_0}\"\n";
			showEnvVarsInLog = 0;
		};
		7A83793A1DD3073A33179C71 /* [CP] Copy Pods Resources */ = {
			isa = PBXShellScriptBuildPhase;
			buildActionMask = 2147483647;
			files = (
			);
			inputFileListPaths = (
				"${PODS_ROOT}/Target Support Files/Pods-AGC-Auth-2/Pods-AGC-Auth-2-resources-${CONFIGURATION}-input-files.xcfilelist",
			);
			name = "[CP] Copy Pods Resources";
			outputFileListPaths = (
				"${PODS_ROOT}/Target Support Files/Pods-AGC-Auth-2/Pods-AGC-Auth-2-resources-${CONFIGURATION}-output-files.xcfilelist",
			);
			runOnlyForDeploymentPostprocessing = 0;
			shellPath = /bin/sh;
			shellScript = "\"${PODS_ROOT}/Target Support Files/Pods-AGC-Auth-2/Pods-AGC-Auth-2-resources.sh\"\n";
			showEnvVarsInLog = 0;
		};
/* End PBXShellScriptBuildPhase section */

/* Begin PBXSourcesBuildPhase section */
		FF207A2927D5B5BA0021A1B9 /* Sources */ = {
			isa = PBXSourcesBuildPhase;
			buildActionMask = 2147483647;
			files = (
				FF207A3527D5B5BA0021A1B9 /* ViewController.swift in Sources */,
				FF207A3127D5B5BA0021A1B9 /* AppDelegate.swift in Sources */,
				FF207A3327D5B5BA0021A1B9 /* SceneDelegate.swift in Sources */,
			);
			runOnlyForDeploymentPostprocessing = 0;
		};
/* End PBXSourcesBuildPhase section */

/* Begin PBXVariantGroup section */
		FF207A3627D5B5BA0021A1B9 /* Main.storyboard */ = {
			isa = PBXVariantGroup;
			children = (
				FF207A3727D5B5BA0021A1B9 /* Base */,
			);
			name = Main.storyboard;
			sourceTree = "<group>";
		};
		FF207A3B27D5B5BB0021A1B9 /* LaunchScreen.storyboard */ = {
			isa = PBXVariantGroup;
			children = (
				FF207A3C27D5B5BB0021A1B9 /* Base */,
			);
			name = LaunchScreen.storyboard;
			sourceTree = "<group>";
		};
/* End PBXVariantGroup section */

/* Begin XCBuildConfiguration section */
		FF207A3F27D5B5BB0021A1B9 /* Debug */ = {
			isa = XCBuildConfiguration;
			buildSettings = {
				ALWAYS_SEARCH_USER_PATHS = NO;
				CLANG_ANALYZER_NONNULL = YES;
				CLANG_ANALYZER_NUMBER_OBJECT_CONVERSION = YES_AGGRESSIVE;
				CLANG_CXX_LANGUAGE_STANDARD = "gnu++14";
				CLANG_CXX_LIBRARY = "libc++";
				CLANG_ENABLE_MODULES = YES;
				CLANG_ENABLE_OBJC_ARC = YES;
				CLANG_ENABLE_OBJC_WEAK = YES;
				CLANG_WARN_BLOCK_CAPTURE_AUTORELEASING = YES;
				CLANG_WARN_BOOL_CONVERSION = YES;
				CLANG_WARN_COMMA = YES;
				CLANG_WARN_CONSTANT_CONVERSION = YES;
				CLANG_WARN_DEPRECATED_OBJC_IMPLEMENTATIONS = YES;
				CLANG_WARN_DIRECT_OBJC_ISA_USAGE = YES_ERROR;
				CLANG_WARN_DOCUMENTATION_COMMENTS = YES;
				CLANG_WARN_EMPTY_BODY = YES;
				CLANG_WARN_ENUM_CONVERSION = YES;
				CLANG_WARN_INFINITE_RECURSION = YES;
				CLANG_WARN_INT_CONVERSION = YES;
				CLANG_WARN_NON_LITERAL_NULL_CONVERSION = YES;
				CLANG_WARN_OBJC_IMPLICIT_RETAIN_SELF = YES;
				CLANG_WARN_OBJC_LITERAL_CONVERSION = YES;
				CLANG_WARN_OBJC_ROOT_CLASS = YES_ERROR;
				CLANG_WARN_QUOTED_INCLUDE_IN_FRAMEWORK_HEADER = YES;
				CLANG_WARN_RANGE_LOOP_ANALYSIS = YES;
				CLANG_WARN_STRICT_PROTOTYPES = YES;
				CLANG_WARN_SUSPICIOUS_MOVE = YES;
				CLANG_WARN_UNGUARDED_AVAILABILITY = YES_AGGRESSIVE;
				CLANG_WARN_UNREACHABLE_CODE = YES;
				CLANG_WARN__DUPLICATE_METHOD_MATCH = YES;
				COPY_PHASE_STRIP = NO;
				DEBUG_INFORMATION_FORMAT = dwarf;
				ENABLE_STRICT_OBJC_MSGSEND = YES;
				ENABLE_TESTABILITY = YES;
				GCC_C_LANGUAGE_STANDARD = gnu11;
				GCC_DYNAMIC_NO_PIC = NO;
				GCC_NO_COMMON_BLOCKS = YES;
				GCC_OPTIMIZATION_LEVEL = 0;
				GCC_PREPROCESSOR_DEFINITIONS = (
					"DEBUG=1",
					"$(inherited)",
				);
				GCC_WARN_64_TO_32_BIT_CONVERSION = YES;
				GCC_WARN_ABOUT_RETURN_TYPE = YES_ERROR;
				GCC_WARN_UNDECLARED_SELECTOR = YES;
				GCC_WARN_UNINITIALIZED_AUTOS = YES_AGGRESSIVE;
				GCC_WARN_UNUSED_FUNCTION = YES;
				GCC_WARN_UNUSED_VARIABLE = YES;
				IPHONEOS_DEPLOYMENT_TARGET = 14.3;
				MTL_ENABLE_DEBUG_INFO = INCLUDE_SOURCE;
				MTL_FAST_MATH = YES;
				ONLY_ACTIVE_ARCH = YES;
				SDKROOT = iphoneos;
				SWIFT_ACTIVE_COMPILATION_CONDITIONS = DEBUG;
				SWIFT_OPTIMIZATION_LEVEL = "-Onone";
			};
			name = Debug;
		};
		FF207A4027D5B5BB0021A1B9 /* Release */ = {
			isa = XCBuildConfiguration;
			buildSettings = {
				ALWAYS_SEARCH_USER_PATHS = NO;
				CLANG_ANALYZER_NONNULL = YES;
				CLANG_ANALYZER_NUMBER_OBJECT_CONVERSION = YES_AGGRESSIVE;
				CLANG_CXX_LANGUAGE_STANDARD = "gnu++14";
				CLANG_CXX_LIBRARY = "libc++";
				CLANG_ENABLE_MODULES = YES;
				CLANG_ENABLE_OBJC_ARC = YES;
				CLANG_ENABLE_OBJC_WEAK = YES;
				CLANG_WARN_BLOCK_CAPTURE_AUTORELEASING = YES;
				CLANG_WARN_BOOL_CONVERSION = YES;
				CLANG_WARN_COMMA = YES;
				CLANG_WARN_CONSTANT_CONVERSION = YES;
				CLANG_WARN_DEPRECATED_OBJC_IMPLEMENTATIONS = YES;
				CLANG_WARN_DIRECT_OBJC_ISA_USAGE = YES_ERROR;
				CLANG_WARN_DOCUMENTATION_COMMENTS = YES;
				CLANG_WARN_EMPTY_BODY = YES;
				CLANG_WARN_ENUM_CONVERSION = YES;
				CLANG_WARN_INFINITE_RECURSION = YES;
				CLANG_WARN_INT_CONVERSION = YES;
				CLANG_WARN_NON_LITERAL_NULL_CONVERSION = YES;
				CLANG_WARN_OBJC_IMPLICIT_RETAIN_SELF = YES;
				CLANG_WARN_OBJC_LITERAL_CONVERSION = YES;
				CLANG_WARN_OBJC_ROOT_CLASS = YES_ERROR;
				CLANG_WARN_QUOTED_INCLUDE_IN_FRAMEWORK_HEADER = YES;
				CLANG_WARN_RANGE_LOOP_ANALYSIS = YES;
				CLANG_WARN_STRICT_PROTOTYPES = YES;
				CLANG_WARN_SUSPICIOUS_MOVE = YES;
				CLANG_WARN_UNGUARDED_AVAILABILITY = YES_AGGRESSIVE;
				CLANG_WARN_UNREACHABLE_CODE = YES;
				CLANG_WARN__DUPLICATE_METHOD_MATCH = YES;
				COPY_PHASE_STRIP = NO;
				DEBUG_INFORMATION_FORMAT = "dwarf-with-dsym";
				ENABLE_NS_ASSERTIONS = NO;
				ENABLE_STRICT_OBJC_MSGSEND = YES;
				GCC_C_LANGUAGE_STANDARD = gnu11;
				GCC_NO_COMMON_BLOCKS = YES;
				GCC_WARN_64_TO_32_BIT_CONVERSION = YES;
				GCC_WARN_ABOUT_RETURN_TYPE = YES_ERROR;
				GCC_WARN_UNDECLARED_SELECTOR = YES;
				GCC_WARN_UNINITIALIZED_AUTOS = YES_AGGRESSIVE;
				GCC_WARN_UNUSED_FUNCTION = YES;
				GCC_WARN_UNUSED_VARIABLE = YES;
				IPHONEOS_DEPLOYMENT_TARGET = 14.3;
				MTL_ENABLE_DEBUG_INFO = NO;
				MTL_FAST_MATH = YES;
				SDKROOT = iphoneos;
				SWIFT_COMPILATION_MODE = wholemodule;
				SWIFT_OPTIMIZATION_LEVEL = "-O";
				VALIDATE_PRODUCT = YES;
			};
			name = Release;
		};
		FF207A4227D5B5BB0021A1B9 /* Debug */ = {
			isa = XCBuildConfiguration;
			baseConfigurationReference = 12BE6823A4E8E05BE4B90AA7 /* Pods-AGC-Auth-2.debug.xcconfig */;
			buildSettings = {
				ASSETCATALOG_COMPILER_APPICON_NAME = AppIcon;
				ASSETCATALOG_COMPILER_GLOBAL_ACCENT_COLOR_NAME = AccentColor;
				CODE_SIGN_STYLE = Automatic;
				INFOPLIST_FILE = "AGC-Auth-2/Info.plist";
				LD_RUNPATH_SEARCH_PATHS = (
					"$(inherited)",
					"@executable_path/Frameworks",
				);
				PRODUCT_BUNDLE_IDENTIFIER = com.lucky.agc.demo;
				PRODUCT_NAME = "$(TARGET_NAME)";
				SWIFT_VERSION = 5.0;
				TARGETED_DEVICE_FAMILY = "1,2";
			};
			name = Debug;
		};
		FF207A4327D5B5BB0021A1B9 /* Release */ = {
			isa = XCBuildConfiguration;
			baseConfigurationReference = 6B8A91B4F71598C2E477805E /* Pods-AGC-Auth-2.release.xcconfig */;
			buildSettings = {
				ASSETCATALOG_COMPILER_APPICON_NAME = AppIcon;
				ASSETCATALOG_COMPILER_GLOBAL_ACCENT_COLOR_NAME = AccentColor;
				CODE_SIGN_STYLE = Automatic;
				INFOPLIST_FILE = "AGC-Auth-2/Info.plist";
				LD_RUNPATH_SEARCH_PATHS = (
					"$(inherited)",
					"@executable_path/Frameworks",
				);
				PRODUCT_BUNDLE_IDENTIFIER = com.lucky.agc.demo;
				PRODUCT_NAME = "$(TARGET_NAME)";
				SWIFT_VERSION = 5.0;
				TARGETED_DEVICE_FAMILY = "1,2";
			};
			name = Release;
		};
/* End XCBuildConfiguration section */

/* Begin XCConfigurationList section */
		FF207A2827D5B5BA0021A1B9 /* Build configuration list for PBXProject "AGC-Auth-2" */ = {
			isa = XCConfigurationList;
			buildConfigurations = (
				FF207A3F27D5B5BB0021A1B9 /* Debug */,
				FF207A4027D5B5BB0021A1B9 /* Release */,
			);
			defaultConfigurationIsVisible = 0;
			defaultConfigurationName = Release;
		};
		FF207A4127D5B5BB0021A1B9 /* Build configuration list for PBXNativeTarget "AGC-Auth-2" */ = {
			isa = XCConfigurationList;
			buildConfigurations = (
				FF207A4227D5B5BB0021A1B9 /* Debug */,
				FF207A4327D5B5BB0021A1B9 /* Release */,
			);
			defaultConfigurationIsVisible = 0;
			defaultConfigurationName = Release;
		};
/* End XCConfigurationList section */
	};
	rootObject = FF207A2527D5B5BA0021A1B9 /* Project object */;
}
