{
  "name": "entry",
  "version": "1.0.0",
  "lockfileVersion": 1,
  "requires": true,
  "dependencies": {
    "@hw-agconnect/api-ohos": {
      "version": "1.0.2",
      "resolved": "https://cmc.centralrepo.rnd.huawei.com/artifactory/api/npm/product_npm/@hw-agconnect/api-ohos/-/@hw-agconnect/api-ohos-1.0.2.tgz",
      "integrity": "sha512-5cZiVkRh8+rJhWj1wUvAFlpjy53zc9REjZFa4jQMl8PmhJNTY/60J5YZP1dqZIgmNYogqYy2j9/ReLdAiw6LRg==",
      "requires": {
        "@hw-agconnect/api-types-ohos": "^1.0.2"
      }
    },
    "@hw-agconnect/api-types-ohos": {
      "version": "1.0.2",
      "resolved": "https://cmc.centralrepo.rnd.huawei.com/artifactory/api/npm/product_npm/@hw-agconnect/api-types-ohos/-/@hw-agconnect/api-types-ohos-1.0.2.tgz",
      "integrity": "sha512-8NgoYREiEH6z2igpJL1RunzbhsdWShRwHwEQI9w7JPuGlz/H2TPK/Je7v9jDtozslgSdOLo3Vt3PMmxJLqneWA=="
    },
    "@hw-agconnect/auth-ohos": {
      "version": "1.0.2",
      "resolved": "https://cmc.centralrepo.rnd.huawei.com/artifactory/api/npm/product_npm/@hw-agconnect/auth-ohos/-/@hw-agconnect/auth-ohos-1.0.2.tgz",
      "integrity": "sha512-RXJsRoYkSKH+NOumbNjam8LvSWTqhJOzxRA+/b17cICxtxwISjVnBZEs2corpGLOSqpbbEHacU814JZRd+Fwcg==",
      "requires": {
        "@hw-agconnect/api-ohos": "^1.0.2",
        "@hw-agconnect/api-types-ohos": "^1.0.2",
        "@hw-agconnect/auth-types-ohos": "^1.0.2",
        "@hw-agconnect/base-ohos": "^1.0.2",
        "@hw-agconnect/core-ohos": "^1.0.2",
        "@hw-agconnect/credential-ohos": "^1.0.2",
        "@hw-agconnect/credential-types-ohos": "^1.0.2"
      }
    },
    "@hw-agconnect/auth-types-ohos": {
      "version": "1.0.2",
      "resolved": "https://cmc.centralrepo.rnd.huawei.com/artifactory/api/npm/product_npm/@hw-agconnect/auth-types-ohos/-/@hw-agconnect/auth-types-ohos-1.0.2.tgz",
      "integrity": "sha512-MzEn/5Av2h/+WXMqvqujrnOJhhOA4p3xrJIKRZmeXu5ZfEpAHMQDKWWEu5uK+5UW1PG8hdp3Yz2pIIyL0WMptA=="
    },
    "@hw-agconnect/base-ohos": {
      "version": "1.0.2",
      "resolved": "https://cmc.centralrepo.rnd.huawei.com/artifactory/api/npm/product_npm/@hw-agconnect/base-ohos/-/@hw-agconnect/base-ohos-1.0.2.tgz",
      "integrity": "sha512-KMcV0DQpzi0Cxckv9t79Ndh3p1UsYxSy/gdoLcB4ysgHcPZQy7dPzScyls0Krb5Lw4kAQORbOO0HTO7xD9pAKg==",
      "requires": {
        "base64-js": "^1.5.1",
        "crypto-js-ohos": "^1.0.6"
      }
    },
    "@hw-agconnect/core-ohos": {
      "version": "1.0.2",
      "resolved": "https://cmc.centralrepo.rnd.huawei.com/artifactory/api/npm/product_npm/@hw-agconnect/core-ohos/-/@hw-agconnect/core-ohos-1.0.2.tgz",
      "integrity": "sha512-pBqPkzfEwJKXx1AvwObGvXH2SQnvPExcuf6hAaSOwLpYq0w/Qo1aBz9ECbLLY7EgslkXs+3Q6lmeMkYVXrpHfg==",
      "requires": {
        "@hw-agconnect/api-ohos": "^1.0.2",
        "@hw-agconnect/api-types-ohos": "^1.0.2",
        "@hw-agconnect/base-ohos": "^1.0.2",
        "@hw-agconnect/core-types-ohos": "^1.0.2"
      }
    },
    "@hw-agconnect/core-types-ohos": {
      "version": "1.0.2",
      "resolved": "https://cmc.centralrepo.rnd.huawei.com/artifactory/api/npm/product_npm/@hw-agconnect/core-types-ohos/-/@hw-agconnect/core-types-ohos-1.0.2.tgz",
      "integrity": "sha512-lq/qZIgc+/T+7MaP1gnDKeXCYXBfgvhUekiuXFy7EGhdIix6hq1FpebOYp8lMQo9VhU7ZOytRTQetLXagx+IEA==",
      "requires": {
        "@hw-agconnect/core-ohos": "^1.0.2"
      }
    },
    "@hw-agconnect/credential-ohos": {
      "version": "1.0.2",
      "resolved": "https://cmc.centralrepo.rnd.huawei.com/artifactory/api/npm/product_npm/@hw-agconnect/credential-ohos/-/@hw-agconnect/credential-ohos-1.0.2.tgz",
      "integrity": "sha512-vhghncnlaWO7zYekZP44ucoP66OWMlIiDjK59kKOot3lcGs0eZwzLzfITLVcK/SvwmGyrcLzVxZh0Sh8kD8R/g==",
      "requires": {
        "@hw-agconnect/api-ohos": "^1.0.2",
        "@hw-agconnect/api-types-ohos": "^1.0.2",
        "@hw-agconnect/base-ohos": "^1.0.2",
        "@hw-agconnect/core-ohos": "^1.0.2",
        "@hw-agconnect/credential-types-ohos": "^1.0.2"
      }
    },
    "@hw-agconnect/credential-types-ohos": {
      "version": "1.0.2",
      "resolved": "https://cmc.centralrepo.rnd.huawei.com/artifactory/api/npm/product_npm/@hw-agconnect/credential-types-ohos/-/@hw-agconnect/credential-types-ohos-1.0.2.tgz",
      "integrity": "sha512-z+sTmZXf72PUOJKh4v5I+En0rQJmXsSBDCE8bXo9ZaI6eofUxNQSKeJxm5ntB3kjFlNG9U9fNeQudsdYpMaJKQ=="
    },
    "base64-js": {
      "version": "1.5.1",
      "resolved": "https://repo.huaweicloud.com/repository/npm/base64-js/-/base64-js-1.5.1.tgz",
      "integrity": "sha512-AKpaYlHn8t4SVbOHCy+b5+KKgvR4vrsD8vbvrbiQJps7fKDTkjkDry6ji0rUJjC0kzbNePLwzxq8iypo41qeWA=="
    },
    "crypto-js-ohos": {
      "version": "1.0.6",
      "resolved": "https://repo.huaweicloud.com/repository/npm/crypto-js-ohos/-/crypto-js-ohos-1.0.6.tgz",
      "integrity": "sha512-mHSTvydpm8Ngn5bVp1T4kALFWs66zO19itDVxsNYotSDDBus/uXET94eqzJGtvAFBDl2BRQ4Q+9W56NIVOSI2g=="
    }
  }
}
